<?xml version="1.0" encoding="utf-8"?>
<Project ToolsVersion="17.0" xmlns="http://schemas.microsoft.com/developer/msbuild/2003">
  <ItemGroup>
    <ClCompile Include="$(ProjectDir)\src\addons\alerts.c" />
    <ClCompile Include="$(ProjectDir)\src\addons\app.c" />
    <ClCompile Include="$(ProjectDir)\src\addons\doc.c" />
    <ClCompile Include="$(ProjectDir)\src\addons\flecs_cpp.c" />
    <ClCompile Include="$(ProjectDir)\src\addons\http\http.c" />
    <ClCompile Include="$(ProjectDir)\src\addons\journal.c" />
    <ClCompile Include="$(ProjectDir)\src\addons\json\deserialize.c" />
    <ClCompile Include="$(ProjectDir)\src\addons\json\deserialize_value.c" />
    <ClCompile Include="$(ProjectDir)\src\addons\json\json.c" />
    <ClCompile Include="$(ProjectDir)\src\addons\json\serialize_entity.c" />
    <ClCompile Include="$(ProjectDir)\src\addons\json\serialize_field_info.c" />
    <ClCompile Include="$(ProjectDir)\src\addons\json\serialize_iter.c" />
    <ClCompile Include="$(ProjectDir)\src\addons\json\serialize_iter_result.c" />
    <ClCompile Include="$(ProjectDir)\src\addons\json\serialize_iter_result_query.c" />
    <ClCompile Include="$(ProjectDir)\src\addons\json\serialize_iter_result_table.c" />
    <ClCompile Include="$(ProjectDir)\src\addons\json\serialize_query_info.c" />
    <ClCompile Include="$(ProjectDir)\src\addons\json\serialize_type_info.c" />
    <ClCompile Include="$(ProjectDir)\src\addons\json\serialize_value.c" />
    <ClCompile Include="$(ProjectDir)\src\addons\json\serialize_world.c" />
    <ClCompile Include="$(ProjectDir)\src\addons\log.c" />
    <ClCompile Include="$(ProjectDir)\src\addons\meta\c_utils.c" />
    <ClCompile Include="$(ProjectDir)\src\addons\meta\cursor.c" />
    <ClCompile Include="$(ProjectDir)\src\addons\meta\definitions.c" />
    <ClCompile Include="$(ProjectDir)\src\addons\meta\meta.c" />
    <ClCompile Include="$(ProjectDir)\src\addons\meta\rtt_lifecycle.c" />
    <ClCompile Include="$(ProjectDir)\src\addons\meta\serializer.c" />
    <ClCompile Include="$(ProjectDir)\src\addons\meta\type_support\array_ts.c" />
    <ClCompile Include="$(ProjectDir)\src\addons\meta\type_support\enum_ts.c" />
    <ClCompile Include="$(ProjectDir)\src\addons\meta\type_support\opaque_ts.c" />
    <ClCompile Include="$(ProjectDir)\src\addons\meta\type_support\primitive_ts.c" />
    <ClCompile Include="$(ProjectDir)\src\addons\meta\type_support\struct_ts.c" />
    <ClCompile Include="$(ProjectDir)\src\addons\meta\type_support\units_ts.c" />
    <ClCompile Include="$(ProjectDir)\src\addons\metrics.c" />
    <ClCompile Include="$(ProjectDir)\src\addons\module.c" />
    <ClCompile Include="$(ProjectDir)\src\addons\os_api_impl\os_api_impl.c" />
    <ClCompile Include="$(ProjectDir)\src\addons\parser\tokenizer.c" />
    <ClCompile Include="$(ProjectDir)\src\addons\pipeline\frame.c" />
    <ClCompile Include="$(ProjectDir)\src\addons\pipeline\pipeline.c" />
    <ClCompile Include="$(ProjectDir)\src\addons\pipeline\worker.c" />
    <ClCompile Include="$(ProjectDir)\src\addons\query_dsl\parser.c" />
    <ClCompile Include="$(ProjectDir)\src\addons\rest.c" />
    <ClCompile Include="$(ProjectDir)\src\addons\script\ast.c" />
    <ClCompile Include="$(ProjectDir)\src\addons\script\expr\ast.c" />
    <ClCompile Include="$(ProjectDir)\src\addons\script\expr\parser.c" />
    <ClCompile Include="$(ProjectDir)\src\addons\script\expr\stack.c" />
    <ClCompile Include="$(ProjectDir)\src\addons\script\expr\util.c" />
    <ClCompile Include="$(ProjectDir)\src\addons\script\expr\visit_eval.c" />
    <ClCompile Include="$(ProjectDir)\src\addons\script\expr\visit_fold.c" />
    <ClCompile Include="$(ProjectDir)\src\addons\script\expr\visit_free.c" />
    <ClCompile Include="$(ProjectDir)\src\addons\script\expr\visit_to_str.c" />
    <ClCompile Include="$(ProjectDir)\src\addons\script\expr\visit_type.c" />
    <ClCompile Include="$(ProjectDir)\src\addons\script\function.c" />
    <ClCompile Include="$(ProjectDir)\src\addons\script\functions_builtin.c" />
    <ClCompile Include="$(ProjectDir)\src\addons\script\functions_math.c" />
    <ClCompile Include="$(ProjectDir)\src\addons\script\parser.c" />
    <ClCompile Include="$(ProjectDir)\src\addons\script\script.c" />
    <ClCompile Include="$(ProjectDir)\src\addons\script\serialize.c" />
    <ClCompile Include="$(ProjectDir)\src\addons\script\template.c" />
    <ClCompile Include="$(ProjectDir)\src\addons\script\vars.c" />
    <ClCompile Include="$(ProjectDir)\src\addons\script\visit.c" />
    <ClCompile Include="$(ProjectDir)\src\addons\script\visit_check.c" />
    <ClCompile Include="$(ProjectDir)\src\addons\script\visit_eval.c" />
    <ClCompile Include="$(ProjectDir)\src\addons\script\visit_free.c" />
    <ClCompile Include="$(ProjectDir)\src\addons\script\visit_to_str.c" />
    <ClCompile Include="$(ProjectDir)\src\addons\stats\memory.c" />
    <ClCompile Include="$(ProjectDir)\src\addons\stats\monitor.c" />
    <ClCompile Include="$(ProjectDir)\src\addons\stats\pipeline_monitor.c" />
    <ClCompile Include="$(ProjectDir)\src\addons\stats\stats.c" />
    <ClCompile Include="$(ProjectDir)\src\addons\stats\system_monitor.c" />
    <ClCompile Include="$(ProjectDir)\src\addons\stats\world_monitor.c" />
    <ClCompile Include="$(ProjectDir)\src\addons\stats\world_summary.c" />
    <ClCompile Include="$(ProjectDir)\src\addons\system\system.c" />
    <ClCompile Include="$(ProjectDir)\src\addons\timer.c" />
    <ClCompile Include="$(ProjectDir)\src\addons\units.c" />
    <ClCompile Include="$(ProjectDir)\src\bootstrap.c" />
    <ClCompile Include="$(ProjectDir)\src\commands.c" />
    <ClCompile Include="$(ProjectDir)\src\component_actions.c" />
    <ClCompile Include="$(ProjectDir)\src\datastructures\allocator.c" />
    <ClCompile Include="$(ProjectDir)\src\datastructures\bitset.c" />
    <ClCompile Include="$(ProjectDir)\src\datastructures\block_allocator.c" />
    <ClCompile Include="$(ProjectDir)\src\datastructures\hash.c" />
    <ClCompile Include="$(ProjectDir)\src\datastructures\hashmap.c" />
    <ClCompile Include="$(ProjectDir)\src\datastructures\map.c" />
    <ClCompile Include="$(ProjectDir)\src\datastructures\name_index.c" />
    <ClCompile Include="$(ProjectDir)\src\datastructures\sparse.c" />
    <ClCompile Include="$(ProjectDir)\src\datastructures\stack_allocator.c" />
    <ClCompile Include="$(ProjectDir)\src\datastructures\strbuf.c" />
    <ClCompile Include="$(ProjectDir)\src\datastructures\vec.c" />
    <ClCompile Include="$(ProjectDir)\src\each.c" />
    <ClCompile Include="$(ProjectDir)\src\entity.c" />
    <ClCompile Include="$(ProjectDir)\src\entity_name.c" />
    <ClCompile Include="$(ProjectDir)\src\id.c" />
    <ClCompile Include="$(ProjectDir)\src\instantiate.c" />
    <ClCompile Include="$(ProjectDir)\src\iter.c" />
    <ClCompile Include="$(ProjectDir)\src\misc.c" />
    <ClCompile Include="$(ProjectDir)\src\observable.c" />
    <ClCompile Include="$(ProjectDir)\src\observer.c" />
    <ClCompile Include="$(ProjectDir)\src\on_delete.c" />
    <ClCompile Include="$(ProjectDir)\src\os_api.c" />
    <ClCompile Include="$(ProjectDir)\src\poly.c" />
    <ClCompile Include="$(ProjectDir)\src\query\api.c" />
    <ClCompile Include="$(ProjectDir)\src\query\cache\cache.c" />
    <ClCompile Include="$(ProjectDir)\src\query\cache\cache_iter.c" />
    <ClCompile Include="$(ProjectDir)\src\query\cache\change_detection.c" />
    <ClCompile Include="$(ProjectDir)\src\query\cache\group.c" />
    <ClCompile Include="$(ProjectDir)\src\query\cache\match.c" />
    <ClCompile Include="$(ProjectDir)\src\query\cache\order_by.c" />
    <ClCompile Include="$(ProjectDir)\src\query\compiler\compiler.c" />
    <ClCompile Include="$(ProjectDir)\src\query\compiler\compiler_term.c" />
    <ClCompile Include="$(ProjectDir)\src\query\engine\eval.c" />
    <ClCompile Include="$(ProjectDir)\src\query\engine\eval_iter.c" />
    <ClCompile Include="$(ProjectDir)\src\query\engine\eval_member.c" />
    <ClCompile Include="$(ProjectDir)\src\query\engine\eval_pred.c" />
    <ClCompile Include="$(ProjectDir)\src\query\engine\eval_sparse.c" />
    <ClCompile Include="$(ProjectDir)\src\query\engine\eval_toggle.c" />
    <ClCompile Include="$(ProjectDir)\src\query\engine\eval_trav.c" />
    <ClCompile Include="$(ProjectDir)\src\query\engine\eval_up.c" />
    <ClCompile Include="$(ProjectDir)\src\query\engine\eval_utils.c" />
    <ClCompile Include="$(ProjectDir)\src\query\engine\trav_cache.c" />
    <ClCompile Include="$(ProjectDir)\src\query\engine\trav_down_cache.c" />
    <ClCompile Include="$(ProjectDir)\src\query\engine\trav_up_cache.c" />
    <ClCompile Include="$(ProjectDir)\src\query\engine\trivial_iter.c" />
    <ClCompile Include="$(ProjectDir)\src\query\util.c" />
    <ClCompile Include="$(ProjectDir)\src\query\validator.c" />
    <ClCompile Include="$(ProjectDir)\src\ref.c" />
    <ClCompile Include="$(ProjectDir)\src\search.c" />
    <ClCompile Include="$(ProjectDir)\src\stage.c" />
    <ClCompile Include="$(ProjectDir)\src\storage\component_index.c" />
    <ClCompile Include="$(ProjectDir)\src\storage\entity_index.c" />
    <ClCompile Include="$(ProjectDir)\src\storage\ordered_children.c" />
    <ClCompile Include="$(ProjectDir)\src\storage\sparse_storage.c" />
    <ClCompile Include="$(ProjectDir)\src\storage\table.c" />
    <ClCompile Include="$(ProjectDir)\src\storage\table_cache.c" />
    <ClCompile Include="$(ProjectDir)\src\storage\table_graph.c" />
    <ClCompile Include="$(ProjectDir)\src\type_info.c" />
    <ClCompile Include="$(ProjectDir)\src\value.c" />
    <ClCompile Include="$(ProjectDir)\src\world.c" />
  </ItemGroup>
  <ItemGroup>
    <ClInclude Include="$(ProjectDir)\include\flecs.h" />
    <ClInclude Include="$(ProjectDir)\include\flecs\addons\alerts.h" />
    <ClInclude Include="$(ProjectDir)\include\flecs\addons\app.h" />
    <ClInclude Include="$(ProjectDir)\include\flecs\addons\cpp\c_types.hpp" />
    <ClInclude Include="$(ProjectDir)\include\flecs\addons\cpp\component.hpp" />
    <ClInclude Include="$(ProjectDir)\include\flecs\addons\cpp\delegate.hpp" />
    <ClInclude Include="$(ProjectDir)\include\flecs\addons\cpp\entity.hpp" />
    <ClInclude Include="$(ProjectDir)\include\flecs\addons\cpp\entity_view.hpp" />
    <ClInclude Include="$(ProjectDir)\include\flecs\addons\cpp\field.hpp" />
    <ClInclude Include="$(ProjectDir)\include\flecs\addons\cpp\flecs.hpp" />
    <ClInclude Include="$(ProjectDir)\include\flecs\addons\cpp\impl\field.hpp" />
    <ClInclude Include="$(ProjectDir)\include\flecs\addons\cpp\impl\iter.hpp" />
    <ClInclude Include="$(ProjectDir)\include\flecs\addons\cpp\impl\world.hpp" />
    <ClInclude Include="$(ProjectDir)\include\flecs\addons\cpp\iter.hpp" />
    <ClInclude Include="$(ProjectDir)\include\flecs\addons\cpp\lifecycle_traits.hpp" />
    <ClInclude Include="$(ProjectDir)\include\flecs\addons\cpp\log.hpp" />
    <ClInclude Include="$(ProjectDir)\include\flecs\addons\cpp\mixins\alerts\builder.hpp" />
    <ClInclude Include="$(ProjectDir)\include\flecs\addons\cpp\mixins\alerts\builder_i.hpp" />
    <ClInclude Include="$(ProjectDir)\include\flecs\addons\cpp\mixins\alerts\decl.hpp" />
    <ClInclude Include="$(ProjectDir)\include\flecs\addons\cpp\mixins\alerts\impl.hpp" />
    <ClInclude Include="$(ProjectDir)\include\flecs\addons\cpp\mixins\app\builder.hpp" />
    <ClInclude Include="$(ProjectDir)\include\flecs\addons\cpp\mixins\app\decl.hpp" />
    <ClInclude Include="$(ProjectDir)\include\flecs\addons\cpp\mixins\component\impl.hpp" />
    <ClInclude Include="$(ProjectDir)\include\flecs\addons\cpp\mixins\doc\decl.hpp" />
    <ClInclude Include="$(ProjectDir)\include\flecs\addons\cpp\mixins\doc\impl.hpp" />
    <ClInclude Include="$(ProjectDir)\include\flecs\addons\cpp\mixins\entity\builder.hpp" />
    <ClInclude Include="$(ProjectDir)\include\flecs\addons\cpp\mixins\entity\impl.hpp" />
    <ClInclude Include="$(ProjectDir)\include\flecs\addons\cpp\mixins\enum\impl.hpp" />
    <ClInclude Include="$(ProjectDir)\include\flecs\addons\cpp\mixins\event\builder.hpp" />
    <ClInclude Include="$(ProjectDir)\include\flecs\addons\cpp\mixins\event\decl.hpp" />
    <ClInclude Include="$(ProjectDir)\include\flecs\addons\cpp\mixins\event\impl.hpp" />
    <ClInclude Include="$(ProjectDir)\include\flecs\addons\cpp\mixins\id\decl.hpp" />
    <ClInclude Include="$(ProjectDir)\include\flecs\addons\cpp\mixins\id\impl.hpp" />
    <ClInclude Include="$(ProjectDir)\include\flecs\addons\cpp\mixins\json\decl.hpp" />
    <ClInclude Include="$(ProjectDir)\include\flecs\addons\cpp\mixins\meta\cursor.hpp" />
    <ClInclude Include="$(ProjectDir)\include\flecs\addons\cpp\mixins\meta\decl.hpp" />
    <ClInclude Include="$(ProjectDir)\include\flecs\addons\cpp\mixins\meta\impl.hpp" />
    <ClInclude Include="$(ProjectDir)\include\flecs\addons\cpp\mixins\meta\opaque.hpp" />
    <ClInclude Include="$(ProjectDir)\include\flecs\addons\cpp\mixins\metrics\builder.hpp" />
    <ClInclude Include="$(ProjectDir)\include\flecs\addons\cpp\mixins\metrics\decl.hpp" />
    <ClInclude Include="$(ProjectDir)\include\flecs\addons\cpp\mixins\metrics\impl.hpp" />
    <ClInclude Include="$(ProjectDir)\include\flecs\addons\cpp\mixins\module\impl.hpp" />
    <ClInclude Include="$(ProjectDir)\include\flecs\addons\cpp\mixins\observer\builder.hpp" />
    <ClInclude Include="$(ProjectDir)\include\flecs\addons\cpp\mixins\observer\builder_i.hpp" />
    <ClInclude Include="$(ProjectDir)\include\flecs\addons\cpp\mixins\observer\decl.hpp" />
    <ClInclude Include="$(ProjectDir)\include\flecs\addons\cpp\mixins\observer\impl.hpp" />
    <ClInclude Include="$(ProjectDir)\include\flecs\addons\cpp\mixins\pipeline\builder.hpp" />
    <ClInclude Include="$(ProjectDir)\include\flecs\addons\cpp\mixins\pipeline\builder_i.hpp" />
    <ClInclude Include="$(ProjectDir)\include\flecs\addons\cpp\mixins\pipeline\decl.hpp" />
    <ClInclude Include="$(ProjectDir)\include\flecs\addons\cpp\mixins\pipeline\impl.hpp" />
    <ClInclude Include="$(ProjectDir)\include\flecs\addons\cpp\mixins\query\builder.hpp" />
    <ClInclude Include="$(ProjectDir)\include\flecs\addons\cpp\mixins\query\builder_i.hpp" />
    <ClInclude Include="$(ProjectDir)\include\flecs\addons\cpp\mixins\query\decl.hpp" />
    <ClInclude Include="$(ProjectDir)\include\flecs\addons\cpp\mixins\query\impl.hpp" />
    <ClInclude Include="$(ProjectDir)\include\flecs\addons\cpp\mixins\rest\decl.hpp" />
    <ClInclude Include="$(ProjectDir)\include\flecs\addons\cpp\mixins\rest\impl.hpp" />
    <ClInclude Include="$(ProjectDir)\include\flecs\addons\cpp\mixins\script\builder.hpp" />
    <ClInclude Include="$(ProjectDir)\include\flecs\addons\cpp\mixins\script\decl.hpp" />
    <ClInclude Include="$(ProjectDir)\include\flecs\addons\cpp\mixins\script\impl.hpp" />
    <ClInclude Include="$(ProjectDir)\include\flecs\addons\cpp\mixins\stats\decl.hpp" />
    <ClInclude Include="$(ProjectDir)\include\flecs\addons\cpp\mixins\stats\impl.hpp" />
    <ClInclude Include="$(ProjectDir)\include\flecs\addons\cpp\mixins\system\builder.hpp" />
    <ClInclude Include="$(ProjectDir)\include\flecs\addons\cpp\mixins\system\builder_i.hpp" />
    <ClInclude Include="$(ProjectDir)\include\flecs\addons\cpp\mixins\system\decl.hpp" />
    <ClInclude Include="$(ProjectDir)\include\flecs\addons\cpp\mixins\system\impl.hpp" />
    <ClInclude Include="$(ProjectDir)\include\flecs\addons\cpp\mixins\term\builder_i.hpp" />
    <ClInclude Include="$(ProjectDir)\include\flecs\addons\cpp\mixins\term\decl.hpp" />
    <ClInclude Include="$(ProjectDir)\include\flecs\addons\cpp\mixins\term\impl.hpp" />
    <ClInclude Include="$(ProjectDir)\include\flecs\addons\cpp\mixins\timer\decl.hpp" />
    <ClInclude Include="$(ProjectDir)\include\flecs\addons\cpp\mixins\timer\impl.hpp" />
    <ClInclude Include="$(ProjectDir)\include\flecs\addons\cpp\mixins\units\decl.hpp" />
    <ClInclude Include="$(ProjectDir)\include\flecs\addons\cpp\mixins\units\impl.hpp" />
    <ClInclude Include="$(ProjectDir)\include\flecs\addons\cpp\pair.hpp" />
    <ClInclude Include="$(ProjectDir)\include\flecs\addons\cpp\ref.hpp" />
    <ClInclude Include="$(ProjectDir)\include\flecs\addons\cpp\table.hpp" />
    <ClInclude Include="$(ProjectDir)\include\flecs\addons\cpp\type.hpp" />
    <ClInclude Include="$(ProjectDir)\include\flecs\addons\cpp\utils\array.hpp" />
    <ClInclude Include="$(ProjectDir)\include\flecs\addons\cpp\utils\builder.hpp" />
    <ClInclude Include="$(ProjectDir)\include\flecs\addons\cpp\utils\enum.hpp" />
    <ClInclude Include="$(ProjectDir)\include\flecs\addons\cpp\utils\function_traits.hpp" />
    <ClInclude Include="$(ProjectDir)\include\flecs\addons\cpp\utils\iterable.hpp" />
    <ClInclude Include="$(ProjectDir)\include\flecs\addons\cpp\utils\node_builder.hpp" />
    <ClInclude Include="$(ProjectDir)\include\flecs\addons\cpp\utils\signature.hpp" />
    <ClInclude Include="$(ProjectDir)\include\flecs\addons\cpp\utils\string.hpp" />
    <ClInclude Include="$(ProjectDir)\include\flecs\addons\cpp\utils\stringstream.hpp" />
    <ClInclude Include="$(ProjectDir)\include\flecs\addons\cpp\utils\utils.hpp" />
    <ClInclude Include="$(ProjectDir)\include\flecs\addons\cpp\world.hpp" />
    <ClInclude Include="$(ProjectDir)\include\flecs\addons\deprecated.h" />
    <ClInclude Include="$(ProjectDir)\include\flecs\addons\doc.h" />
    <ClInclude Include="$(ProjectDir)\include\flecs\addons\flecs_c.h" />
    <ClInclude Include="$(ProjectDir)\include\flecs\addons\flecs_cpp.h" />
    <ClInclude Include="$(ProjectDir)\include\flecs\addons\http.h" />
    <ClInclude Include="$(ProjectDir)\include\flecs\addons\json.h" />
    <ClInclude Include="$(ProjectDir)\include\flecs\addons\log.h" />
    <ClInclude Include="$(ProjectDir)\include\flecs\addons\meta.h" />
    <ClInclude Include="$(ProjectDir)\include\flecs\addons\meta_c.h" />
    <ClInclude Include="$(ProjectDir)\include\flecs\addons\metrics.h" />
    <ClInclude Include="$(ProjectDir)\include\flecs\addons\module.h" />
    <ClInclude Include="$(ProjectDir)\include\flecs\addons\os_api_impl.h" />
    <ClInclude Include="$(ProjectDir)\include\flecs\addons\pipeline.h" />
    <ClInclude Include="$(ProjectDir)\include\flecs\addons\rest.h" />
    <ClInclude Include="$(ProjectDir)\include\flecs\addons\script.h" />
    <ClInclude Include="$(ProjectDir)\include\flecs\addons\script_math.h" />
    <ClInclude Include="$(ProjectDir)\include\flecs\addons\stats.h" />
    <ClInclude Include="$(ProjectDir)\include\flecs\addons\system.h" />
    <ClInclude Include="$(ProjectDir)\include\flecs\addons\timer.h" />
    <ClInclude Include="$(ProjectDir)\include\flecs\addons\units.h" />
    <ClInclude Include="$(ProjectDir)\include\flecs\bake_config.h" />
    <ClInclude Include="$(ProjectDir)\include\flecs\datastructures\allocator.h" />
    <ClInclude Include="$(ProjectDir)\include\flecs\datastructures\bitset.h" />
    <ClInclude Include="$(ProjectDir)\include\flecs\datastructures\block_allocator.h" />
    <ClInclude Include="$(ProjectDir)\include\flecs\datastructures\hashmap.h" />
    <ClInclude Include="$(ProjectDir)\include\flecs\datastructures\map.h" />
    <ClInclude Include="$(ProjectDir)\include\flecs\datastructures\sparse.h" />
    <ClInclude Include="$(ProjectDir)\include\flecs\datastructures\stack_allocator.h" />
    <ClInclude Include="$(ProjectDir)\include\flecs\datastructures\strbuf.h" />
    <ClInclude Include="$(ProjectDir)\include\flecs\datastructures\vec.h" />
    <ClInclude Include="$(ProjectDir)\include\flecs\os_api.h" />
    <ClInclude Include="$(ProjectDir)\include\flecs\private\addons.h" />
    <ClInclude Include="$(ProjectDir)\include\flecs\private\api_defines.h" />
    <ClInclude Include="$(ProjectDir)\include\flecs\private\api_flags.h" />
    <ClInclude Include="$(ProjectDir)\include\flecs\private\api_internals.h" />
    <ClInclude Include="$(ProjectDir)\include\flecs\private\api_support.h" />
    <ClInclude Include="$(ProjectDir)\include\flecs\private\api_types.h" />
  </ItemGroup>
  <ItemGroup>
    <Filter Include="include">
      <UniqueIdentifier>{8B934FA9-64B7-3C4E-B484-2D18A4E6AAEC}</UniqueIdentifier>
    </Filter>
    <Filter Include="include\flecs">
      <UniqueIdentifier>{6CB2563C-C7FF-3A29-862E-089C0A75F828}</UniqueIdentifier>
    </Filter>
    <Filter Include="include\flecs\addons">
      <UniqueIdentifier>{518A70C3-CF92-3C68-9B00-DBAFB8781FC2}</UniqueIdentifier>
    </Filter>
    <Filter Include="include\flecs\addons\cpp">
      <UniqueIdentifier>{E5CF5880-DFF4-343D-8797-E5D56F5E001B}</UniqueIdentifier>
    </Filter>
    <Filter Include="include\flecs\addons\cpp\impl">
      <UniqueIdentifier>{1AD97EC0-83D8-398A-A66A-EFE0D6C0B58A}</UniqueIdentifier>
    </Filter>
    <Filter Include="include\flecs\addons\cpp\mixins">
      <UniqueIdentifier>{AFFB5C54-611E-32CC-B693-A7AAC041BDA1}</UniqueIdentifier>
    </Filter>
    <Filter Include="include\flecs\addons\cpp\mixins\alerts">
      <UniqueIdentifier>{0D98FAD3-6256-3D2B-9252-A3DD4EF9BC5A}</UniqueIdentifier>
    </Filter>
    <Filter Include="include\flecs\addons\cpp\mixins\app">
      <UniqueIdentifier>{857F4584-5A83-3D8F-9E36-21ABDA6F89D3}</UniqueIdentifier>
    </Filter>
    <Filter Include="include\flecs\addons\cpp\mixins\component">
      <UniqueIdentifier>{59FAC786-793E-32EF-B15C-FAF1B7E48B3E}</UniqueIdentifier>
    </Filter>
    <Filter Include="include\flecs\addons\cpp\mixins\doc">
      <UniqueIdentifier>{633C3040-4A6E-3F24-838A-0B7C736A3644}</UniqueIdentifier>
    </Filter>
    <Filter Include="include\flecs\addons\cpp\mixins\entity">
      <UniqueIdentifier>{AD88C226-431E-34D9-A458-3BEEAE84900A}</UniqueIdentifier>
    </Filter>
    <Filter Include="include\flecs\addons\cpp\mixins\enum">
      <UniqueIdentifier>{595CADF3-66DE-315D-AB9A-5F7F02917709}</UniqueIdentifier>
    </Filter>
    <Filter Include="include\flecs\addons\cpp\mixins\event">
      <UniqueIdentifier>{45A01CC5-38D6-3EB8-A063-0A82F96DD7FF}</UniqueIdentifier>
    </Filter>
    <Filter Include="include\flecs\addons\cpp\mixins\id">
      <UniqueIdentifier>{C4F8D9F8-3BA3-3AC7-8511-3116AF362AA6}</UniqueIdentifier>
    </Filter>
    <Filter Include="include\flecs\addons\cpp\mixins\json">
      <UniqueIdentifier>{98940EA0-A16E-36A0-9FC0-947422D79ED6}</UniqueIdentifier>
    </Filter>
    <Filter Include="include\flecs\addons\cpp\mixins\meta">
      <UniqueIdentifier>{975F76CD-8022-3A90-9FAB-A9E4FC97FA91}</UniqueIdentifier>
    </Filter>
    <Filter Include="include\flecs\addons\cpp\mixins\metrics">
      <UniqueIdentifier>{C595E0A4-8AB5-3085-9B8C-97FCC40A3A3F}</UniqueIdentifier>
    </Filter>
    <Filter Include="include\flecs\addons\cpp\mixins\module">
      <UniqueIdentifier>{93017E5D-AE2C-3C08-A51B-8A1CE2A05AE7}</UniqueIdentifier>
    </Filter>
    <Filter Include="include\flecs\addons\cpp\mixins\observer">
      <UniqueIdentifier>{19BDE0A4-9C52-3A56-B884-FE950805D132}</UniqueIdentifier>
    </Filter>
    <Filter Include="include\flecs\addons\cpp\mixins\pipeline">
      <UniqueIdentifier>{13746065-6EA9-333D-AEC5-649D26A645B5}</UniqueIdentifier>
    </Filter>
    <Filter Include="include\flecs\addons\cpp\mixins\query">
      <UniqueIdentifier>{1A0CB0D8-4705-3FAD-9874-AC4D8B51A906}</UniqueIdentifier>
    </Filter>
    <Filter Include="include\flecs\addons\cpp\mixins\rest">
      <UniqueIdentifier>{DA4BBD92-F383-34DF-842C-F0157F48DCE1}</UniqueIdentifier>
    </Filter>
    <Filter Include="include\flecs\addons\cpp\mixins\script">
      <UniqueIdentifier>{3BB8483C-6F4A-319C-905B-0C8EBE422036}</UniqueIdentifier>
    </Filter>
    <Filter Include="include\flecs\addons\cpp\mixins\stats">
      <UniqueIdentifier>{927BDE23-744D-396B-A94C-2130D250E1FE}</UniqueIdentifier>
    </Filter>
    <Filter Include="include\flecs\addons\cpp\mixins\system">
      <UniqueIdentifier>{29429124-32A1-3AF1-AE61-9B18DD97E8EB}</UniqueIdentifier>
    </Filter>
    <Filter Include="include\flecs\addons\cpp\mixins\term">
      <UniqueIdentifier>{45BC679C-2E86-3A99-BBBB-FB91E2EC697A}</UniqueIdentifier>
    </Filter>
    <Filter Include="include\flecs\addons\cpp\mixins\timer">
      <UniqueIdentifier>{14380299-EEEA-3135-87CD-C29148DB08DA}</UniqueIdentifier>
    </Filter>
    <Filter Include="include\flecs\addons\cpp\mixins\units">
      <UniqueIdentifier>{69D065D4-71CA-33A8-A4DB-C9F75C2D929F}</UniqueIdentifier>
    </Filter>
    <Filter Include="include\flecs\addons\cpp\utils">
      <UniqueIdentifier>{88A95C9A-2C8A-3B10-94EB-E2F62F97086E}</UniqueIdentifier>
    </Filter>
    <Filter Include="include\flecs\datastructures">
      <UniqueIdentifier>{65AFD23C-0EAA-3476-8C06-CE4584B093C0}</UniqueIdentifier>
    </Filter>
    <Filter Include="include\flecs\private">
      <UniqueIdentifier>{117EE3BC-3C03-374F-B6C6-0701AA8F4B20}</UniqueIdentifier>
    </Filter>
    <Filter Include="src">
      <UniqueIdentifier>{A30E0ABD-F5BF-3EEB-B933-08BD3D87F450}</UniqueIdentifier>
    </Filter>
    <Filter Include="src\addons">
      <UniqueIdentifier>{5DCC4717-C9CF-3879-AC71-6CE35714E000}</UniqueIdentifier>
    </Filter>
    <Filter Include="src\addons\http">
      <UniqueIdentifier>{C7FF7917-13BE-3AED-839F-77C6BD4019EA}</UniqueIdentifier>
    </Filter>
    <Filter Include="src\addons\json">
      <UniqueIdentifier>{5B2C8FD9-2D54-37F1-BB6B-75A1594A436A}</UniqueIdentifier>
    </Filter>
    <Filter Include="src\addons\meta">
      <UniqueIdentifier>{29775EB2-D1EF-3F36-86E9-4BDACA94E4A7}</UniqueIdentifier>
    </Filter>
    <Filter Include="src\addons\meta\type_support">
      <UniqueIdentifier>{719ECF40-08CF-3BA3-BDD4-19AB232F886C}</UniqueIdentifier>
    </Filter>
    <Filter Include="src\addons\os_api_impl">
      <UniqueIdentifier>{F9A033DC-CDD2-340E-B9D1-AB43B8F49762}</UniqueIdentifier>
    </Filter>
    <Filter Include="src\addons\parser">
      <UniqueIdentifier>{B718F16D-5E8C-3CFF-BFA4-82E9AD605366}</UniqueIdentifier>
    </Filter>
    <Filter Include="src\addons\pipeline">
      <UniqueIdentifier>{579B87B7-72BA-3A89-B5A7-0BFBC2A40AF4}</UniqueIdentifier>
    </Filter>
    <Filter Include="src\addons\query_dsl">
      <UniqueIdentifier>{033E2E0E-D009-3676-A95A-F5DAB15A116C}</UniqueIdentifier>
    </Filter>
    <Filter Include="src\addons\script">
      <UniqueIdentifier>{8546BA5E-C1FC-377E-A8AB-0222105DFB7D}</UniqueIdentifier>
    </Filter>
    <Filter Include="src\addons\script\expr">
      <UniqueIdentifier>{6DF33CF2-ED53-3421-8CD9-C3FEC8C21715}</UniqueIdentifier>
    </Filter>
    <Filter Include="src\addons\stats">
      <UniqueIdentifier>{127AE843-01C2-32B2-B963-B330EF718578}</UniqueIdentifier>
    </Filter>
    <Filter Include="src\addons\system">
      <UniqueIdentifier>{6083E838-DE8A-3980-8E08-3735AD244488}</UniqueIdentifier>
    </Filter>
    <Filter Include="src\datastructures">
      <UniqueIdentifier>{0C3200CC-2AE4-3C89-BB73-237C7DB5FEB2}</UniqueIdentifier>
    </Filter>
    <Filter Include="src\query">
      <UniqueIdentifier>{6981E644-6B2C-3847-AE0B-35B6E6E196B7}</UniqueIdentifier>
    </Filter>
    <Filter Include="src\query\cache">
      <UniqueIdentifier>{C089BD6A-FBAB-3B8E-8372-599E096F13C2}</UniqueIdentifier>
    </Filter>
    <Filter Include="src\query\compiler">
      <UniqueIdentifier>{D96CDB42-9560-363E-80FC-F54B75F721FB}</UniqueIdentifier>
    </Filter>
    <Filter Include="src\query\engine">
      <UniqueIdentifier>{3AE587C5-63D3-3766-B7F8-FA4C9025488C}</UniqueIdentifier>
    </Filter>
    <Filter Include="src\storage">
      <UniqueIdentifier>{B37C7F25-0EAD-3937-B87E-5B25D16EB998}</UniqueIdentifier>
    </Filter>
  </ItemGroup>
</Project>